
Microsoft Visual Studio Solution File, Format Version 12.00
# Visual Studio Version 17
VisualStudioVersion = 17.7.34031.279
MinimumVisualStudioVersion = 10.0.40219.1
Project("{FAE04EC0-301F-11D3-BF4B-00C04F79EFBC}") = "Loop2", "Loop2\Loop2.csproj", "{2A9D7F45-30F4-4368-98EF-DCE020F7E118}"
EndProject
Global
	GlobalSection(SolutionConfigurationPlatforms) = preSolution
		Debug|Any CPU = Debug|Any CPU
		Release|Any CPU = Release|Any CPU
	EndGlobalSection
	GlobalSection(ProjectConfigurationPlatforms) = postSolution
		{2A9D7F45-30F4-4368-98EF-DCE020F7E118}.Debug|Any CPU.ActiveCfg = Debug|Any CPU
		{2A9D7F45-30F4-4368-98EF-DCE020F7E118}.Debug|Any CPU.Build.0 = Debug|Any CPU
		{2A9D7F45-30F4-4368-98EF-DCE020F7E118}.Release|Any CPU.ActiveCfg = Release|Any CPU
		{2A9D7F45-30F4-4368-98EF-DCE020F7E118}.Release|Any CPU.Build.0 = Release|Any CPU
	EndGlobalSection
	GlobalSection(SolutionProperties) = preSolution
		HideSolutionNode = FALSE
	EndGlobalSection
	GlobalSection(ExtensibilityGlobals) = postSolution
		SolutionGuid = {87A07F85-CB2E-403B-ABF8-FD0A48F7B25B}
	EndGlobalSection
EndGlobal
